
Microsoft Visual Studio Solution File, Format Version 12.00
# Visual Studio Version 17
VisualStudioVersion = 17.9.34616.47
MinimumVisualStudioVersion = 10.0.40219.1
Project("{2150E333-8FDC-42A3-9474-1A3956D46DE8}") = "Services", "Services", "{E880CC09-117D-4344-BB87-03228B00A52C}"
EndProject
Project("{2150E333-8FDC-42A3-9474-1A3956D46DE8}") = "Catalog", "Catalog", "{C3B72405-79C3-432D-BAE8-CA77D653FDFE}"
EndProject
Project("{9A19103F-16F7-4668-BE54-9A1E7A4F7556}") = "Catalog.API", "Services\Catalog\Catalog.API\Catalog.API.csproj", "{7D5F1FD8-9F09-4179-A0A9-EFB5C5E8A99F}"
EndProject
Project("{2150E333-8FDC-42A3-9474-1A3956D46DE8}") = "BuildingBlocks", "BuildingBlocks", "{DBEEB055-2480-4601-B141-FF60AAF96DF3}"
EndProject
Project("{9A19103F-16F7-4668-BE54-9A1E7A4F7556}") = "BuildingBlocks", "BuildingBlocks\BuildingBlocks\BuildingBlocks.csproj", "{F46894BD-7C58-4123-B4A3-C33830CA02CF}"
EndProject
Project("{E53339B2-1760-4266-BCC7-CA923CBCF16C}") = "docker-compose", "docker-compose.dcproj", "{DA55BA04-02C7-49D7-AABA-72EDD4444F52}"
EndProject
Project("{2150E333-8FDC-42A3-9474-1A3956D46DE8}") = "Basket", "Basket", "{16954CCB-ECA5-4EE6-8ECF-E85B9E39ECD4}"
EndProject
Project("{9A19103F-16F7-4668-BE54-9A1E7A4F7556}") = "Basket.API", "Services\Basket\Basket.API\Basket.API.csproj", "{D2FC7D8A-91A8-4981-9460-D69ED576C37A}"
EndProject
Project("{2150E333-8FDC-42A3-9474-1A3956D46DE8}") = "Discount", "Discount", "{CC9F89DC-8741-4BE1-ACE5-C80814474829}"
EndProject
Project("{9A19103F-16F7-4668-BE54-9A1E7A4F7556}") = "Discount.Grpc", "Services\Discount\Discount.Grpc\Discount.Grpc.csproj", "{B14A7E38-5604-44A0-9C99-433AA94C37CB}"
EndProject
Project("{2150E333-8FDC-42A3-9474-1A3956D46DE8}") = "Ordering", "Ordering", "{8D86D206-2DD1-46CB-9387-E1ED51AA7FD8}"
EndProject
Project("{FAE04EC0-301F-11D3-BF4B-00C04F79EFBC}") = "Ordering.API", "Services\Ordering\Ordering.API\Ordering.API.csproj", "{F4C7D634-9895-4B29-8625-2941C502BF2A}"
EndProject
Project("{FAE04EC0-301F-11D3-BF4B-00C04F79EFBC}") = "Ordering.Domain", "Services\Ordering\Ordering.Domain\Ordering.Domain.csproj", "{9CAEE290-1263-4CE5-9730-B981616A73A2}"
EndProject
Project("{FAE04EC0-301F-11D3-BF4B-00C04F79EFBC}") = "Ordering.Application", "Services\Ordering\Ordering.Application\Ordering.Application.csproj", "{1D20B4CE-C981-4D4B-BB93-6B61862EB707}"
EndProject
Project("{FAE04EC0-301F-11D3-BF4B-00C04F79EFBC}") = "Ordering.Infrastructure", "Services\Ordering\Ordering.Infrastructure\Ordering.Infrastructure.csproj", "{3D06BC78-17D0-4A06-A27A-5633629D15AD}"
EndProject
Global
	GlobalSection(SolutionConfigurationPlatforms) = preSolution
		Debug|Any CPU = Debug|Any CPU
		Release|Any CPU = Release|Any CPU
	EndGlobalSection
	GlobalSection(ProjectConfigurationPlatforms) = postSolution
		{7D5F1FD8-9F09-4179-A0A9-EFB5C5E8A99F}.Debug|Any CPU.ActiveCfg = Debug|Any CPU
		{7D5F1FD8-9F09-4179-A0A9-EFB5C5E8A99F}.Debug|Any CPU.Build.0 = Debug|Any CPU
		{7D5F1FD8-9F09-4179-A0A9-EFB5C5E8A99F}.Release|Any CPU.ActiveCfg = Release|Any CPU
		{7D5F1FD8-9F09-4179-A0A9-EFB5C5E8A99F}.Release|Any CPU.Build.0 = Release|Any CPU
		{F46894BD-7C58-4123-B4A3-C33830CA02CF}.Debug|Any CPU.ActiveCfg = Debug|Any CPU
		{F46894BD-7C58-4123-B4A3-C33830CA02CF}.Debug|Any CPU.Build.0 = Debug|Any CPU
		{F46894BD-7C58-4123-B4A3-C33830CA02CF}.Release|Any CPU.ActiveCfg = Release|Any CPU
		{F46894BD-7C58-4123-B4A3-C33830CA02CF}.Release|Any CPU.Build.0 = Release|Any CPU
		{DA55BA04-02C7-49D7-AABA-72EDD4444F52}.Debug|Any CPU.ActiveCfg = Debug|Any CPU
		{DA55BA04-02C7-49D7-AABA-72EDD4444F52}.Debug|Any CPU.Build.0 = Debug|Any CPU
		{DA55BA04-02C7-49D7-AABA-72EDD4444F52}.Release|Any CPU.ActiveCfg = Release|Any CPU
		{DA55BA04-02C7-49D7-AABA-72EDD4444F52}.Release|Any CPU.Build.0 = Release|Any CPU
		{D2FC7D8A-91A8-4981-9460-D69ED576C37A}.Debug|Any CPU.ActiveCfg = Debug|Any CPU
		{D2FC7D8A-91A8-4981-9460-D69ED576C37A}.Debug|Any CPU.Build.0 = Debug|Any CPU
		{D2FC7D8A-91A8-4981-9460-D69ED576C37A}.Release|Any CPU.ActiveCfg = Release|Any CPU
		{D2FC7D8A-91A8-4981-9460-D69ED576C37A}.Release|Any CPU.Build.0 = Release|Any CPU
		{B14A7E38-5604-44A0-9C99-433AA94C37CB}.Debug|Any CPU.ActiveCfg = Debug|Any CPU
		{B14A7E38-5604-44A0-9C99-433AA94C37CB}.Debug|Any CPU.Build.0 = Debug|Any CPU
		{B14A7E38-5604-44A0-9C99-433AA94C37CB}.Release|Any CPU.ActiveCfg = Release|Any CPU
		{B14A7E38-5604-44A0-9C99-433AA94C37CB}.Release|Any CPU.Build.0 = Release|Any CPU
		{F4C7D634-9895-4B29-8625-2941C502BF2A}.Debug|Any CPU.ActiveCfg = Debug|Any CPU
		{F4C7D634-9895-4B29-8625-2941C502BF2A}.Debug|Any CPU.Build.0 = Debug|Any CPU
		{F4C7D634-9895-4B29-8625-2941C502BF2A}.Release|Any CPU.ActiveCfg = Release|Any CPU
		{F4C7D634-9895-4B29-8625-2941C502BF2A}.Release|Any CPU.Build.0 = Release|Any CPU
		{9CAEE290-1263-4CE5-9730-B981616A73A2}.Debug|Any CPU.ActiveCfg = Debug|Any CPU
		{9CAEE290-1263-4CE5-9730-B981616A73A2}.Debug|Any CPU.Build.0 = Debug|Any CPU
		{9CAEE290-1263-4CE5-9730-B981616A73A2}.Release|Any CPU.ActiveCfg = Release|Any CPU
		{9CAEE290-1263-4CE5-9730-B981616A73A2}.Release|Any CPU.Build.0 = Release|Any CPU
		{1D20B4CE-C981-4D4B-BB93-6B61862EB707}.Debug|Any CPU.ActiveCfg = Debug|Any CPU
		{1D20B4CE-C981-4D4B-BB93-6B61862EB707}.Debug|Any CPU.Build.0 = Debug|Any CPU
		{1D20B4CE-C981-4D4B-BB93-6B61862EB707}.Release|Any CPU.ActiveCfg = Release|Any CPU
		{1D20B4CE-C981-4D4B-BB93-6B61862EB707}.Release|Any CPU.Build.0 = Release|Any CPU
		{3D06BC78-17D0-4A06-A27A-5633629D15AD}.Debug|Any CPU.ActiveCfg = Debug|Any CPU
		{3D06BC78-17D0-4A06-A27A-5633629D15AD}.Debug|Any CPU.Build.0 = Debug|Any CPU
		{3D06BC78-17D0-4A06-A27A-5633629D15AD}.Release|Any CPU.ActiveCfg = Release|Any CPU
		{3D06BC78-17D0-4A06-A27A-5633629D15AD}.Release|Any CPU.Build.0 = Release|Any CPU
	EndGlobalSection
	GlobalSection(SolutionProperties) = preSolution
		HideSolutionNode = FALSE
	EndGlobalSection
	GlobalSection(NestedProjects) = preSolution
		{C3B72405-79C3-432D-BAE8-CA77D653FDFE} = {E880CC09-117D-4344-BB87-03228B00A52C}
		{7D5F1FD8-9F09-4179-A0A9-EFB5C5E8A99F} = {C3B72405-79C3-432D-BAE8-CA77D653FDFE}
		{F46894BD-7C58-4123-B4A3-C33830CA02CF} = {DBEEB055-2480-4601-B141-FF60AAF96DF3}
		{16954CCB-ECA5-4EE6-8ECF-E85B9E39ECD4} = {E880CC09-117D-4344-BB87-03228B00A52C}
		{D2FC7D8A-91A8-4981-9460-D69ED576C37A} = {16954CCB-ECA5-4EE6-8ECF-E85B9E39ECD4}
		{CC9F89DC-8741-4BE1-ACE5-C80814474829} = {E880CC09-117D-4344-BB87-03228B00A52C}
		{B14A7E38-5604-44A0-9C99-433AA94C37CB} = {CC9F89DC-8741-4BE1-ACE5-C80814474829}
		{8D86D206-2DD1-46CB-9387-E1ED51AA7FD8} = {E880CC09-117D-4344-BB87-03228B00A52C}
		{F4C7D634-9895-4B29-8625-2941C502BF2A} = {8D86D206-2DD1-46CB-9387-E1ED51AA7FD8}
		{9CAEE290-1263-4CE5-9730-B981616A73A2} = {8D86D206-2DD1-46CB-9387-E1ED51AA7FD8}
		{1D20B4CE-C981-4D4B-BB93-6B61862EB707} = {8D86D206-2DD1-46CB-9387-E1ED51AA7FD8}
		{3D06BC78-17D0-4A06-A27A-5633629D15AD} = {8D86D206-2DD1-46CB-9387-E1ED51AA7FD8}
	EndGlobalSection
	GlobalSection(ExtensibilityGlobals) = postSolution
		SolutionGuid = {45CF9BDB-E5C3-42DC-B902-FAB4B04E473F}
	EndGlobalSection
EndGlobal
